<Solution>
  <Folder Name="/src/">
    <Project Path="src/AspNetDesignPatterns.Api/AspNetDesignPatterns.Api.csproj" />
    <Project Path="src/KAM.Common/KAM.Common.csproj" />
  </Folder>
  <Folder Name="/tests/">
    <Project Path="tests/AspNetDesignPatterns.Api.Tests/AspNetDesignPatterns.Api.Tests.csproj" />
    <Project Path="tests/KAM.Common.Tests/KAM.Common.Tests.csproj" />
  </Folder>
</Solution>
